// !$*UTF8*$!
{
	archiveVersion = 1;
	classes = {
	};
	objectVersion = 46;
	objects = {

/* Begin PBXBuildFile section */
		FA2F303B1687F0E800576EF9 /* UIKit.framework in Frameworks */ = {isa = PBXBuildFile; fileRef = FA2F303A1687F0E800576EF9 /* UIKit.framework */; };
		FA2F303D1687F0E800576EF9 /* Foundation.framework in Frameworks */ = {isa = PBXBuildFile; fileRef = FA2F303C1687F0E800576EF9 /* Foundation.framework */; };
		FA2F303F1687F0E800576EF9 /* CoreGraphics.framework in Frameworks */ = {isa = PBXBuildFile; fileRef = FA2F303E1687F0E800576EF9 /* CoreGraphics.framework */; };
		FA2F30451687F0E800576EF9 /* InfoPlist.strings in Resources */ = {isa = PBXBuildFile; fileRef = FA2F30431687F0E800576EF9 /* InfoPlist.strings */; };
		FA2F30471687F0E800576EF9 /* main.m in Sources */ = {isa = PBXBuildFile; fileRef = FA2F30461687F0E800576EF9 /* main.m */; };
		FA2F304B1687F0E800576EF9 /* ANAppDelegate.m in Sources */ = {isa = PBXBuildFile; fileRef = FA2F304A1687F0E800576EF9 /* ANAppDelegate.m */; };
		FA2F304D1687F0E800576EF9 /* Default.png in Resources */ = {isa = PBXBuildFile; fileRef = FA2F304C1687F0E800576EF9 /* Default.png */; };
		FA2F304F1687F0E800576EF9 /* Default@2x.png in Resources */ = {isa = PBXBuildFile; fileRef = FA2F304E1687F0E800576EF9 /* Default@2x.png */; };
		FA2F30511687F0E800576EF9 /* Default-568h@2x.png in Resources */ = {isa = PBXBuildFile; fileRef = FA2F30501687F0E800576EF9 /* Default-568h@2x.png */; };
		FA2F30541687F0E800576EF9 /* ANViewController.m in Sources */ = {isa = PBXBuildFile; fileRef = FA2F30531687F0E800576EF9 /* ANViewController.m */; };
		FA64014D1687F1C500D58DB7 /* Model.xcdatamodeld in Sources */ = {isa = PBXBuildFile; fileRef = FA64014B1687F1C500D58DB7 /* Model.xcdatamodeld */; };
		FAA6A2811687F2ED002DA071 /* CoreData.framework in Frameworks */ = {isa = PBXBuildFile; fileRef = FAA6A2801687F2ED002DA071 /* CoreData.framework */; };
		FAA6A28B1687F6A8002DA071 /* ANAddViewController.m in Sources */ = {isa = PBXBuildFile; fileRef = FAA6A28A1687F6A8002DA071 /* ANAddViewController.m */; };
		FAA6A2911687F6BE002DA071 /* Box.m in Sources */ = {isa = PBXBuildFile; fileRef = FAA6A28E1687F6BE002DA071 /* Box.m */; };
		FAA6A2921687F6BE002DA071 /* Game.m in Sources */ = {isa = PBXBuildFile; fileRef = FAA6A2901687F6BE002DA071 /* Game.m */; };
/* End PBXBuildFile section */

/* Begin PBXFileReference section */
		FA2F30361687F0E800576EF9 /* Cheaterpress.app */ = {isa = PBXFileReference; explicitFileType = wrapper.application; includeInIndex = 0; path = Cheaterpress.app; sourceTree = BUILT_PRODUCTS_DIR; };
		FA2F303A1687F0E800576EF9 /* UIKit.framework */ = {isa = PBXFileReference; lastKnownFileType = wrapper.framework; name = UIKit.framework; path = System/Library/Frameworks/UIKit.framework; sourceTree = SDKROOT; };
		FA2F303C1687F0E800576EF9 /* Foundation.framework */ = {isa = PBXFileReference; lastKnownFileType = wrapper.framework; name = Foundation.framework; path = System/Library/Frameworks/Foundation.framework; sourceTree = SDKROOT; };
		FA2F303E1687F0E800576EF9 /* CoreGraphics.framework */ = {isa = PBXFileReference; lastKnownFileType = wrapper.framework; name = CoreGraphics.framework; path = System/Library/Frameworks/CoreGraphics.framework; sourceTree = SDKROOT; };
		FA2F30421687F0E800576EF9 /* Cheaterpress-Info.plist */ = {isa = PBXFileReference; lastKnownFileType = text.plist.xml; path = "Cheaterpress-Info.plist"; sourceTree = "<group>"; };
		FA2F30441687F0E800576EF9 /* en */ = {isa = PBXFileReference; lastKnownFileType = text.plist.strings; name = en; path = en.lproj/InfoPlist.strings; sourceTree = "<group>"; };
		FA2F30461687F0E800576EF9 /* main.m */ = {isa = PBXFileReference; lastKnownFileType = sourcecode.c.objc; path = main.m; sourceTree = "<group>"; };
		FA2F30481687F0E800576EF9 /* Cheaterpress-Prefix.pch */ = {isa = PBXFileReference; lastKnownFileType = sourcecode.c.h; path = "Cheaterpress-Prefix.pch"; sourceTree = "<group>"; };
		FA2F30491687F0E800576EF9 /* ANAppDelegate.h */ = {isa = PBXFileReference; lastKnownFileType = sourcecode.c.h; path = ANAppDelegate.h; sourceTree = "<group>"; };
		FA2F304A1687F0E800576EF9 /* ANAppDelegate.m */ = {isa = PBXFileReference; lastKnownFileType = sourcecode.c.objc; path = ANAppDelegate.m; sourceTree = "<group>"; };
		FA2F304C1687F0E800576EF9 /* Default.png */ = {isa = PBXFileReference; lastKnownFileType = image.png; path = Default.png; sourceTree = "<group>"; };
		FA2F304E1687F0E800576EF9 /* Default@2x.png */ = {isa = PBXFileReference; lastKnownFileType = image.png; path = "Default@2x.png"; sourceTree = "<group>"; };
		FA2F30501687F0E800576EF9 /* Default-568h@2x.png */ = {isa = PBXFileReference; lastKnownFileType = image.png; path = "Default-568h@2x.png"; sourceTree = "<group>"; };
		FA2F30521687F0E800576EF9 /* ANViewController.h */ = {isa = PBXFileReference; lastKnownFileType = sourcecode.c.h; path = ANViewController.h; sourceTree = "<group>"; };
		FA2F30531687F0E800576EF9 /* ANViewController.m */ = {isa = PBXFileReference; lastKnownFileType = sourcecode.c.objc; path = ANViewController.m; sourceTree = "<group>"; };
		FA64014C1687F1C500D58DB7 /* Model.xcdatamodel */ = {isa = PBXFileReference; lastKnownFileType = wrapper.xcdatamodel; path = Model.xcdatamodel; sourceTree = "<group>"; };
		FAA6A2801687F2ED002DA071 /* CoreData.framework */ = {isa = PBXFileReference; lastKnownFileType = wrapper.framework; name = CoreData.framework; path = System/Library/Frameworks/CoreData.framework; sourceTree = SDKROOT; };
		FAA6A2891687F6A8002DA071 /* ANAddViewController.h */ = {isa = PBXFileReference; fileEncoding = 4; lastKnownFileType = sourcecode.c.h; path = ANAddViewController.h; sourceTree = "<group>"; };
		FAA6A28A1687F6A8002DA071 /* ANAddViewController.m */ = {isa = PBXFileReference; fileEncoding = 4; lastKnownFileType = sourcecode.c.objc; path = ANAddViewController.m; sourceTree = "<group>"; };
		FAA6A28D1687F6BE002DA071 /* Box.h */ = {isa = PBXFileReference; fileEncoding = 4; lastKnownFileType = sourcecode.c.h; path = Box.h; sourceTree = "<group>"; };
		FAA6A28E1687F6BE002DA071 /* Box.m */ = {isa = PBXFileReference; fileEncoding = 4; lastKnownFileType = sourcecode.c.objc; path = Box.m; sourceTree = "<group>"; };
		FAA6A28F1687F6BE002DA071 /* Game.h */ = {isa = PBXFileReference; fileEncoding = 4; lastKnownFileType = sourcecode.c.h; path = Game.h; sourceTree = "<group>"; };
		FAA6A2901687F6BE002DA071 /* Game.m */ = {isa = PBXFileReference; fileEncoding = 4; lastKnownFileType = sourcecode.c.objc; path = Game.m; sourceTree = "<group>"; };
/* End PBXFileReference section */

/* Begin PBXFrameworksBuildPhase section */
		FA2F30331687F0E800576EF9 /* Frameworks */ = {
			isa = PBXFrameworksBuildPhase;
			buildActionMask = 2147483647;
			files = (
				FAA6A2811687F2ED002DA071 /* CoreData.framework in Frameworks */,
				FA2F303B1687F0E800576EF9 /* UIKit.framework in Frameworks */,
				FA2F303D1687F0E800576EF9 /* Foundation.framework in Frameworks */,
				FA2F303F1687F0E800576EF9 /* CoreGraphics.framework in Frameworks */,
			);
			runOnlyForDeploymentPostprocessing = 0;
		};
/* End PBXFrameworksBuildPhase section */

/* Begin PBXGroup section */
		FA2F302B1687F0E800576EF9 = {
			isa = PBXGroup;
			children = (
				FA2F30401687F0E800576EF9 /* Cheaterpress */,
				FA2F30391687F0E800576EF9 /* Frameworks */,
				FA2F30371687F0E800576EF9 /* Products */,
			);
			sourceTree = "<group>";
		};
		FA2F30371687F0E800576EF9 /* Products */ = {
			isa = PBXGroup;
			children = (
				FA2F30361687F0E800576EF9 /* Cheaterpress.app */,
			);
			name = Products;
			sourceTree = "<group>";
		};
		FA2F30391687F0E800576EF9 /* Frameworks */ = {
			isa = PBXGroup;
			children = (
				FAA6A2801687F2ED002DA071 /* CoreData.framework */,
				FA2F303A1687F0E800576EF9 /* UIKit.framework */,
				FA2F303C1687F0E800576EF9 /* Foundation.framework */,
				FA2F303E1687F0E800576EF9 /* CoreGraphics.framework */,
			);
			name = Frameworks;
			sourceTree = "<group>";
		};
		FA2F30401687F0E800576EF9 /* Cheaterpress */ = {
			isa = PBXGroup;
			children = (
				FAA6A28C1687F6BD002DA071 /* Model */,
				FA2F30491687F0E800576EF9 /* ANAppDelegate.h */,
				FA2F304A1687F0E800576EF9 /* ANAppDelegate.m */,
				FA2F30521687F0E800576EF9 /* ANViewController.h */,
				FA2F30531687F0E800576EF9 /* ANViewController.m */,
				FAA6A2891687F6A8002DA071 /* ANAddViewController.h */,
				FAA6A28A1687F6A8002DA071 /* ANAddViewController.m */,
				FA2F30411687F0E800576EF9 /* Supporting Files */,
			);
			path = Cheaterpress;
			sourceTree = "<group>";
		};
		FA2F30411687F0E800576EF9 /* Supporting Files */ = {
			isa = PBXGroup;
			children = (
				FA2F30421687F0E800576EF9 /* Cheaterpress-Info.plist */,
				FA2F30431687F0E800576EF9 /* InfoPlist.strings */,
				FA2F30461687F0E800576EF9 /* main.m */,
				FA2F30481687F0E800576EF9 /* Cheaterpress-Prefix.pch */,
				FA2F304C1687F0E800576EF9 /* Default.png */,
				FA2F304E1687F0E800576EF9 /* Default@2x.png */,
				FA2F30501687F0E800576EF9 /* Default-568h@2x.png */,
				FA64014B1687F1C500D58DB7 /* Model.xcdatamodeld */,
			);
			name = "Supporting Files";
			sourceTree = "<group>";
		};
		FAA6A28C1687F6BD002DA071 /* Model */ = {
			isa = PBXGroup;
			children = (
				FAA6A28D1687F6BE002DA071 /* Box.h */,
				FAA6A28E1687F6BE002DA071 /* Box.m */,
				FAA6A28F1687F6BE002DA071 /* Game.h */,
				FAA6A2901687F6BE002DA071 /* Game.m */,
			);
			path = Model;
			sourceTree = "<group>";
		};
/* End PBXGroup section */

/* Begin PBXNativeTarget section */
		FA2F30351687F0E800576EF9 /* Cheaterpress */ = {
			isa = PBXNativeTarget;
			buildConfigurationList = FA2F305A1687F0E800576EF9 /* Build configuration list for PBXNativeTarget "Cheaterpress" */;
			buildPhases = (
				FA2F30321687F0E800576EF9 /* Sources */,
				FA2F30331687F0E800576EF9 /* Frameworks */,
				FA2F30341687F0E800576EF9 /* Resources */,
			);
			buildRules = (
			);
			dependencies = (
			);
			name = Cheaterpress;
			productName = Cheaterpress;
			productReference = FA2F30361687F0E800576EF9 /* Cheaterpress.app */;
			productType = "com.apple.product-type.application";
		};
/* End PBXNativeTarget section */

/* Begin PBXProject section */
		FA2F302D1687F0E800576EF9 /* Project object */ = {
			isa = PBXProject;
			attributes = {
				CLASSPREFIX = AN;
				LastUpgradeCheck = 0450;
				ORGANIZATIONNAME = "Alex Nichol";
			};
			buildConfigurationList = FA2F30301687F0E800576EF9 /* Build configuration list for PBXProject "Cheaterpress" */;
			compatibilityVersion = "Xcode 3.2";
			developmentRegion = English;
			hasScannedForEncodings = 0;
			knownRegions = (
				en,
			);
			mainGroup = FA2F302B1687F0E800576EF9;
			productRefGroup = FA2F30371687F0E800576EF9 /* Products */;
			projectDirPath = "";
			projectRoot = "";
			targets = (
				FA2F30351687F0E800576EF9 /* Cheaterpress */,
			);
		};
/* End PBXProject section */

/* Begin PBXResourcesBuildPhase section */
		FA2F30341687F0E800576EF9 /* Resources */ = {
			isa = PBXResourcesBuildPhase;
			buildActionMask = 2147483647;
			files = (
				FA2F30451687F0E800576EF9 /* InfoPlist.strings in Resources */,
				FA2F304D1687F0E800576EF9 /* Default.png in Resources */,
				FA2F304F1687F0E800576EF9 /* Default@2x.png in Resources */,
				FA2F30511687F0E800576EF9 /* Default-568h@2x.png in Resources */,
			);
			runOnlyForDeploymentPostprocessing = 0;
		};
/* End PBXResourcesBuildPhase section */

/* Begin PBXSourcesBuildPhase section */
		FA2F30321687F0E800576EF9 /* Sources */ = {
			isa = PBXSourcesBuildPhase;
			buildActionMask = 2147483647;
			files = (
				FA2F30471687F0E800576EF9 /* main.m in Sources */,
				FA2F304B1687F0E800576EF9 /* ANAppDelegate.m in Sources */,
				FA2F30541687F0E800576EF9 /* ANViewController.m in Sources */,
				FA64014D1687F1C500D58DB7 /* Model.xcdatamodeld in Sources */,
				FAA6A28B1687F6A8002DA071 /* ANAddViewController.m in Sources */,
				FAA6A2911687F6BE002DA071 /* Box.m in Sources */,
				FAA6A2921687F6BE002DA071 /* Game.m in Sources */,
			);
			runOnlyForDeploymentPostprocessing = 0;
		};
/* End PBXSourcesBuildPhase section */

/* Begin PBXVariantGroup section */
		FA2F30431687F0E800576EF9 /* InfoPlist.strings */ = {
			isa = PBXVariantGroup;
			children = (
				FA2F30441687F0E800576EF9 /* en */,
			);
			name = InfoPlist.strings;
			sourceTree = "<group>";
		};
/* End PBXVariantGroup section */

/* Begin XCBuildConfiguration section */
		FA2F30581687F0E800576EF9 /* Debug */ = {
			isa = XCBuildConfiguration;
			buildSettings = {
				ALWAYS_SEARCH_USER_PATHS = NO;
				CLANG_CXX_LANGUAGE_STANDARD = "gnu++0x";
				CLANG_CXX_LIBRARY = "libc++";
				CLANG_ENABLE_OBJC_ARC = YES;
				CLANG_WARN_EMPTY_BODY = YES;
				CLANG_WARN__DUPLICATE_METHOD_MATCH = YES;
				"CODE_SIGN_IDENTITY[sdk=iphoneos*]" = "iPhone Developer";
				COPY_PHASE_STRIP = NO;
				GCC_C_LANGUAGE_STANDARD = gnu99;
				GCC_DYNAMIC_NO_PIC = NO;
				GCC_OPTIMIZATION_LEVEL = 0;
				GCC_PREPROCESSOR_DEFINITIONS = (
					"DEBUG=1",
					"$(inherited)",
				);
				GCC_SYMBOLS_PRIVATE_EXTERN = NO;
				GCC_WARN_ABOUT_RETURN_TYPE = YES;
				GCC_WARN_UNINITIALIZED_AUTOS = YES;
				GCC_WARN_UNUSED_VARIABLE = YES;
				IPHONEOS_DEPLOYMENT_TARGET = 6.0;
				ONLY_ACTIVE_ARCH = YES;
				SDKROOT = iphoneos;
			};
			name = Debug;
		};
		FA2F30591687F0E800576EF9 /* Release */ = {
			isa = XCBuildConfiguration;
			buildSettings = {
				ALWAYS_SEARCH_USER_PATHS = NO;
				CLANG_CXX_LANGUAGE_STANDARD = "gnu++0x";
				CLANG_CXX_LIBRARY = "libc++";
				CLANG_ENABLE_OBJC_ARC = YES;
				CLANG_WARN_EMPTY_BODY = YES;
				CLANG_WARN__DUPLICATE_METHOD_MATCH = YES;
				"CODE_SIGN_IDENTITY[sdk=iphoneos*]" = "iPhone Developer";
				COPY_PHASE_STRIP = YES;
				GCC_C_LANGUAGE_STANDARD = gnu99;
				GCC_WARN_ABOUT_RETURN_TYPE = YES;
				GCC_WARN_UNINITIALIZED_AUTOS = YES;
				GCC_WARN_UNUSED_VARIABLE = YES;
				IPHONEOS_DEPLOYMENT_TARGET = 6.0;
				OTHER_CFLAGS = "-DNS_BLOCK_ASSERTIONS=1";
				SDKROOT = iphoneos;
				VALIDATE_PRODUCT = YES;
			};
			name = Release;
		};
		FA2F305B1687F0E800576EF9 /* Debug */ = {
			isa = XCBuildConfiguration;
			buildSettings = {
				GCC_PRECOMPILE_PREFIX_HEADER = YES;
				GCC_PREFIX_HEADER = "Cheaterpress/Cheaterpress-Prefix.pch";
				INFOPLIST_FILE = "Cheaterpress/Cheaterpress-Info.plist";
				PRODUCT_NAME = "$(TARGET_NAME)";
				WRAPPER_EXTENSION = app;
			};
			name = Debug;
		};
		FA2F305C1687F0E800576EF9 /* Release */ = {
			isa = XCBuildConfiguration;
			buildSettings = {
				GCC_PRECOMPILE_PREFIX_HEADER = YES;
				GCC_PREFIX_HEADER = "Cheaterpress/Cheaterpress-Prefix.pch";
				INFOPLIST_FILE = "Cheaterpress/Cheaterpress-Info.plist";
				PRODUCT_NAME = "$(TARGET_NAME)";
				WRAPPER_EXTENSION = app;
			};
			name = Release;
		};
/* End XCBuildConfiguration section */

/* Begin XCConfigurationList section */
		FA2F30301687F0E800576EF9 /* Build configuration list for PBXProject "Cheaterpress" */ = {
			isa = XCConfigurationList;
			buildConfigurations = (
				FA2F30581687F0E800576EF9 /* Debug */,
				FA2F30591687F0E800576EF9 /* Release */,
			);
			defaultConfigurationIsVisible = 0;
			defaultConfigurationName = Release;
		};
		FA2F305A1687F0E800576EF9 /* Build configuration list for PBXNativeTarget "Cheaterpress" */ = {
			isa = XCConfigurationList;
			buildConfigurations = (
				FA2F305B1687F0E800576EF9 /* Debug */,
				FA2F305C1687F0E800576EF9 /* Release */,
			);
			defaultConfigurationIsVisible = 0;
			defaultConfigurationName = Release;
		};
/* End XCConfigurationList section */

/* Begin XCVersionGroup section */
		FA64014B1687F1C500D58DB7 /* Model.xcdatamodeld */ = {
			isa = XCVersionGroup;
			children = (
				FA64014C1687F1C500D58DB7 /* Model.xcdatamodel */,
			);
			currentVersion = FA64014C1687F1C500D58DB7 /* Model.xcdatamodel */;
			path = Model.xcdatamodeld;
			sourceTree = "<group>";
			versionGroupType = wrapper.xcdatamodel;
		};
/* End XCVersionGroup section */
	};
	rootObject = FA2F302D1687F0E800576EF9 /* Project object */;
}
